// !$*UTF8*$!
{
	archiveVersion = 1;
	classes = {
	};
	objectVersion = 46;
	objects = {

/* Begin PBXBuildFile section */
		3A62672915C5CD5A00A7D961 /* ChemicalProperties.cpp in Sources */ = {isa = PBXBuildFile; fileRef = 3A62672815C5CD5A00A7D961 /* ChemicalProperties.cpp */; };
		3A89E31315B8451500960601 /* main.cpp in Sources */ = {isa = PBXBuildFile; fileRef = 3A89E31215B8451500960601 /* main.cpp */; };
		3A89E31515B8451500960601 /* TestXCode.1 in CopyFiles */ = {isa = PBXBuildFile; fileRef = 3A89E31415B8451500960601 /* TestXCode.1 */; };
		3AF56DC715C6AA01001DD580 /* InputParser.cpp in Sources */ = {isa = PBXBuildFile; fileRef = 3AF56DC615C6AA01001DD580 /* InputParser.cpp */; };
/* End PBXBuildFile section */

/* Begin PBXCopyFilesBuildPhase section */
		3A89E30C15B8451500960601 /* CopyFiles */ = {
			isa = PBXCopyFilesBuildPhase;
			buildActionMask = 8;
			dstPath = /usr/share/man/man1/;
			dstSubfolderSpec = 0;
			files = (
				3A89E31515B8451500960601 /* TestXCode.1 in CopyFiles */,
			);
			runOnlyForDeploymentPostprocessing = 1;
		};
		3AA3F0F015C2A5F000991BF2 /* CopyFiles */ = {
			isa = PBXCopyFilesBuildPhase;
			buildActionMask = 2147483647;
			dstPath = resources;
			dstSubfolderSpec = 16;
			files = (
			);
			runOnlyForDeploymentPostprocessing = 0;
		};
/* End PBXCopyFilesBuildPhase section */

/* Begin PBXFileReference section */
		3A62672815C5CD5A00A7D961 /* ChemicalProperties.cpp */ = {isa = PBXFileReference; fileEncoding = 4; lastKnownFileType = sourcecode.cpp.cpp; path = ChemicalProperties.cpp; sourceTree = "<group>"; };
		3A89E30E15B8451500960601 /* ChemiCalc */ = {isa = PBXFileReference; explicitFileType = "compiled.mach-o.executable"; includeInIndex = 0; path = ChemiCalc; sourceTree = BUILT_PRODUCTS_DIR; };
		3A89E31215B8451500960601 /* main.cpp */ = {isa = PBXFileReference; lastKnownFileType = sourcecode.cpp.cpp; path = main.cpp; sourceTree = "<group>"; };
		3A89E31415B8451500960601 /* TestXCode.1 */ = {isa = PBXFileReference; lastKnownFileType = text.man; path = TestXCode.1; sourceTree = "<group>"; };
		3AA3F0F315C2D71200991BF2 /* constants.h */ = {isa = PBXFileReference; lastKnownFileType = sourcecode.c.h; path = constants.h; sourceTree = "<group>"; };
		3AA3F0F415C2F95F00991BF2 /* ChemicalProperties.h */ = {isa = PBXFileReference; lastKnownFileType = sourcecode.c.h; path = ChemicalProperties.h; sourceTree = "<group>"; };
		3AF56DC415C69D9C001DD580 /* InputParser.h */ = {isa = PBXFileReference; lastKnownFileType = sourcecode.c.h; path = InputParser.h; sourceTree = "<group>"; };
		3AF56DC615C6AA01001DD580 /* InputParser.cpp */ = {isa = PBXFileReference; fileEncoding = 4; lastKnownFileType = sourcecode.cpp.cpp; path = InputParser.cpp; sourceTree = "<group>"; };
		3AF56DD415D2CB1B001DD580 /* matlabinput.txt */ = {isa = PBXFileReference; fileEncoding = 4; lastKnownFileType = text; path = matlabinput.txt; sourceTree = "<group>"; };
/* End PBXFileReference section */

/* Begin PBXFrameworksBuildPhase section */
		3A89E30B15B8451500960601 /* Frameworks */ = {
			isa = PBXFrameworksBuildPhase;
			buildActionMask = 2147483647;
			files = (
			);
			runOnlyForDeploymentPostprocessing = 0;
		};
/* End PBXFrameworksBuildPhase section */

/* Begin PBXGroup section */
		3A89E30315B8451500960601 = {
			isa = PBXGroup;
			children = (
				3A89E31115B8451500960601 /* ChemiCalc */,
				3A89E30F15B8451500960601 /* Products */,
			);
			sourceTree = "<group>";
		};
		3A89E30F15B8451500960601 /* Products */ = {
			isa = PBXGroup;
			children = (
				3A89E30E15B8451500960601 /* ChemiCalc */,
			);
			name = Products;
			sourceTree = "<group>";
		};
		3A89E31115B8451500960601 /* ChemiCalc */ = {
			isa = PBXGroup;
			children = (
				3AA3F0EC15C2919100991BF2 /* resources */,
				3A89E31215B8451500960601 /* main.cpp */,
				3A89E31415B8451500960601 /* TestXCode.1 */,
				3AA3F0F315C2D71200991BF2 /* constants.h */,
				3AA3F0F415C2F95F00991BF2 /* ChemicalProperties.h */,
				3A62672815C5CD5A00A7D961 /* ChemicalProperties.cpp */,
				3AF56DC415C69D9C001DD580 /* InputParser.h */,
				3AF56DC615C6AA01001DD580 /* InputParser.cpp */,
			);
			name = ChemiCalc;
			path = ChemiCalc;
			sourceTree = "<group>";
		};
		3AA3F0EC15C2919100991BF2 /* resources */ = {
			isa = PBXGroup;
			children = (
				3AF56DD415D2CB1B001DD580 /* matlabinput.txt */,
			);
			name = resources;
			sourceTree = "<group>";
		};
/* End PBXGroup section */

/* Begin PBXNativeTarget section */
		3A89E30D15B8451500960601 /* ChemiCalc */ = {
			isa = PBXNativeTarget;
			buildConfigurationList = 3A89E31815B8451500960601 /* Build configuration list for PBXNativeTarget "ChemiCalc" */;
			buildPhases = (
				3A89E30A15B8451500960601 /* Sources */,
				3A89E30B15B8451500960601 /* Frameworks */,
				3A89E30C15B8451500960601 /* CopyFiles */,
				3AA3F0F015C2A5F000991BF2 /* CopyFiles */,
			);
			buildRules = (
			);
			dependencies = (
			);
			name = ChemiCalc;
			productName = ChemiCalc;
			productReference = 3A89E30E15B8451500960601 /* ChemiCalc */;
			productType = "com.apple.product-type.tool";
		};
/* End PBXNativeTarget section */

/* Begin PBXProject section */
		3A89E30515B8451500960601 /* Project object */ = {
			isa = PBXProject;
			attributes = {
				LastUpgradeCheck = 0430;
			};
			buildConfigurationList = 3A89E30815B8451500960601 /* Build configuration list for PBXProject "ChemiCalc" */;
			compatibilityVersion = "Xcode 3.2";
			developmentRegion = English;
			hasScannedForEncodings = 0;
			knownRegions = (
				en,
			);
			mainGroup = 3A89E30315B8451500960601;
			productRefGroup = 3A89E30F15B8451500960601 /* Products */;
			projectDirPath = "";
			projectRoot = "";
			targets = (
				3A89E30D15B8451500960601 /* ChemiCalc */,
			);
		};
/* End PBXProject section */

/* Begin PBXSourcesBuildPhase section */
		3A89E30A15B8451500960601 /* Sources */ = {
			isa = PBXSourcesBuildPhase;
			buildActionMask = 2147483647;
			files = (
				3A89E31315B8451500960601 /* main.cpp in Sources */,
				3A62672915C5CD5A00A7D961 /* ChemicalProperties.cpp in Sources */,
				3AF56DC715C6AA01001DD580 /* InputParser.cpp in Sources */,
			);
			runOnlyForDeploymentPostprocessing = 0;
		};
/* End PBXSourcesBuildPhase section */

/* Begin XCBuildConfiguration section */
		3A89E31615B8451500960601 /* Debug */ = {
			isa = XCBuildConfiguration;
			buildSettings = {
				ALWAYS_SEARCH_USER_PATHS = NO;
				ARCHS = "$(ARCHS_STANDARD_64_BIT)";
				CLANG_CXX_LANGUAGE_STANDARD = "gnu++0x";
				CLANG_CXX_LIBRARY = "libc++";
				COPY_PHASE_STRIP = NO;
				GCC_C_LANGUAGE_STANDARD = gnu99;
				GCC_DYNAMIC_NO_PIC = NO;
				GCC_ENABLE_OBJC_EXCEPTIONS = YES;
				GCC_OPTIMIZATION_LEVEL = 0;
				GCC_PREPROCESSOR_DEFINITIONS = (
					"DEBUG=1",
					"$(inherited)",
				);
				GCC_SYMBOLS_PRIVATE_EXTERN = NO;
				GCC_VERSION = com.apple.compilers.llvm.clang.1_0;
				GCC_WARN_64_TO_32_BIT_CONVERSION = YES;
				GCC_WARN_ABOUT_RETURN_TYPE = YES;
				GCC_WARN_UNINITIALIZED_AUTOS = YES;
				GCC_WARN_UNUSED_VARIABLE = YES;
				"HEADER_SEARCH_PATHS[arch=*]" = /usr/local/include;
				MACOSX_DEPLOYMENT_TARGET = 10.7;
				ONLY_ACTIVE_ARCH = YES;
				SDKROOT = macosx;
			};
			name = Debug;
		};
		3A89E31715B8451500960601 /* Release */ = {
			isa = XCBuildConfiguration;
			buildSettings = {
				ALWAYS_SEARCH_USER_PATHS = NO;
				ARCHS = "$(ARCHS_STANDARD_64_BIT)";
				CLANG_CXX_LANGUAGE_STANDARD = "gnu++0x";
				CLANG_CXX_LIBRARY = "libc++";
				COPY_PHASE_STRIP = YES;
				DEBUG_INFORMATION_FORMAT = "dwarf-with-dsym";
				GCC_C_LANGUAGE_STANDARD = gnu99;
				GCC_ENABLE_OBJC_EXCEPTIONS = YES;
				GCC_VERSION = com.apple.compilers.llvm.clang.1_0;
				GCC_WARN_64_TO_32_BIT_CONVERSION = YES;
				GCC_WARN_ABOUT_RETURN_TYPE = YES;
				GCC_WARN_UNINITIALIZED_AUTOS = YES;
				GCC_WARN_UNUSED_VARIABLE = YES;
				"HEADER_SEARCH_PATHS[arch=*]" = /usr/local/include;
				MACOSX_DEPLOYMENT_TARGET = 10.7;
				SDKROOT = macosx;
			};
			name = Release;
		};
		3A89E31915B8451500960601 /* Debug */ = {
			isa = XCBuildConfiguration;
			buildSettings = {
				ALWAYS_SEARCH_USER_PATHS = NO;
				"LIBRARY_SEARCH_PATHS[arch=*]" = /usr/local/lib;
				"OTHER_LDFLAGS[arch=*]" = "-ljansson";
				PRODUCT_NAME = ChemiCalc;
			};
			name = Debug;
		};
		3A89E31A15B8451500960601 /* Release */ = {
			isa = XCBuildConfiguration;
			buildSettings = {
				"LIBRARY_SEARCH_PATHS[arch=*]" = /usr/local/lib;
				"OTHER_LDFLAGS[arch=*]" = "-ljansson";
				PRODUCT_NAME = ChemiCalc;
			};
			name = Release;
		};
/* End XCBuildConfiguration section */

/* Begin XCConfigurationList section */
		3A89E30815B8451500960601 /* Build configuration list for PBXProject "ChemiCalc" */ = {
			isa = XCConfigurationList;
			buildConfigurations = (
				3A89E31615B8451500960601 /* Debug */,
				3A89E31715B8451500960601 /* Release */,
			);
			defaultConfigurationIsVisible = 0;
			defaultConfigurationName = Release;
		};
		3A89E31815B8451500960601 /* Build configuration list for PBXNativeTarget "ChemiCalc" */ = {
			isa = XCConfigurationList;
			buildConfigurations = (
				3A89E31915B8451500960601 /* Debug */,
				3A89E31A15B8451500960601 /* Release */,
			);
			defaultConfigurationIsVisible = 0;
			defaultConfigurationName = Release;
		};
/* End XCConfigurationList section */
	};
	rootObject = 3A89E30515B8451500960601 /* Project object */;
}
